
Microsoft Visual Studio Solution File, Format Version 12.00
# Visual Studio Version 16
VisualStudioVersion = 16.0.29020.237
MinimumVisualStudioVersion = 10.0.40219.1
Project("{2150E333-8FDC-42A3-9474-1A3956D46DE8}") = "Doku", "Doku", "{48E3C6FB-BA5A-49ED-9FBA-AA58D3FB8847}"
EndProject
Project("{2150E333-8FDC-42A3-9474-1A3956D46DE8}") = "Src", "Src", "{3B3033F0-4173-4A75-AAC4-4E80B81655AC}"
EndProject
Project("{2150E333-8FDC-42A3-9474-1A3956D46DE8}") = "Tests", "Tests", "{1363DA86-BB88-4E4D-BB00-92DC5E976C59}"
EndProject
Project("{2150E333-8FDC-42A3-9474-1A3956D46DE8}") = "Common", "Common", "{485E39D9-EEC6-4D8C-822E-3970BEF79954}"
EndProject
Project("{2150E333-8FDC-42A3-9474-1A3956D46DE8}") = "Core", "Core", "{3D2ED6A2-0502-4212-8514-F5882FBF7C24}"
EndProject
Project("{2150E333-8FDC-42A3-9474-1A3956D46DE8}") = "Infrastructure", "Infrastructure", "{58D23EDE-1610-4CF3-AB15-5965D1E13523}"
EndProject
Project("{2150E333-8FDC-42A3-9474-1A3956D46DE8}") = "Presentation", "Presentation", "{72AF618E-A9C4-4AD2-8F58-F3804278DEAD}"
EndProject
Project("{FAE04EC0-301F-11D3-BF4B-00C04F79EFBC}") = "DocfxExample.Common", "DocfxExample.Common\DocfxExample.Common.csproj", "{89174B13-06DB-44A1-845D-C191CCB1ADE3}"
EndProject
Project("{FAE04EC0-301F-11D3-BF4B-00C04F79EFBC}") = "DocfxExample.Application", "DocfxExample.Application\DocfxExample.Application.csproj", "{DB046CB1-9016-4EFE-9C41-74EAE3D24F36}"
EndProject
Project("{FAE04EC0-301F-11D3-BF4B-00C04F79EFBC}") = "DocfxExample.Domain", "DocfxExample.Domain\DocfxExample.Domain.csproj", "{13156F0F-EE15-4AF7-BD03-EDE7DF60544D}"
EndProject
Project("{FAE04EC0-301F-11D3-BF4B-00C04F79EFBC}") = "DocfxExample.Infrastructure", "DocfxExample.Infrastructure\DocfxExample.Infrastructure.csproj", "{7938B917-E434-4FF1-BF09-C11B4D56AEA8}"
EndProject
Project("{FAE04EC0-301F-11D3-BF4B-00C04F79EFBC}") = "DocfxExample.SqlServer", "DocfxExample.SqlServer\DocfxExample.SqlServer.csproj", "{7247EA27-C1CF-4943-8327-64B4554EBC91}"
EndProject
Project("{FAE04EC0-301F-11D3-BF4B-00C04F79EFBC}") = "DocfxExample.RazorPages", "DocfxExample.RazorPages\DocfxExample.RazorPages.csproj", "{EF4FC504-E840-4917-83E8-8CFF51FA36D5}"
EndProject
Project("{FAE04EC0-301F-11D3-BF4B-00C04F79EFBC}") = "DocfxExample.ApplicationTests", "DocfxExample.ApplicationTests\DocfxExample.ApplicationTests.csproj", "{8687A91A-04F9-480B-9E88-D78100C8AC8E}"
EndProject
Project("{FAE04EC0-301F-11D3-BF4B-00C04F79EFBC}") = "DocfxExample.InfrastructureTests", "DocfxExample.InfrastructureTests\DocfxExample.InfrastructureTests.csproj", "{8B2EDB0F-9C39-4A12-9434-4AE969E06203}"
EndProject
Project("{FAE04EC0-301F-11D3-BF4B-00C04F79EFBC}") = "DocfxExample.Doku", "DocfxExample.Doku\DocfxExample.Doku.csproj", "{CC470DCD-3910-4E81-AD8A-A35F7987A8BD}"
EndProject
Global
	GlobalSection(SolutionConfigurationPlatforms) = preSolution
		Debug|Any CPU = Debug|Any CPU
		Release|Any CPU = Release|Any CPU
	EndGlobalSection
	GlobalSection(ProjectConfigurationPlatforms) = postSolution
		{89174B13-06DB-44A1-845D-C191CCB1ADE3}.Debug|Any CPU.ActiveCfg = Debug|Any CPU
		{89174B13-06DB-44A1-845D-C191CCB1ADE3}.Debug|Any CPU.Build.0 = Debug|Any CPU
		{89174B13-06DB-44A1-845D-C191CCB1ADE3}.Release|Any CPU.ActiveCfg = Release|Any CPU
		{89174B13-06DB-44A1-845D-C191CCB1ADE3}.Release|Any CPU.Build.0 = Release|Any CPU
		{DB046CB1-9016-4EFE-9C41-74EAE3D24F36}.Debug|Any CPU.ActiveCfg = Debug|Any CPU
		{DB046CB1-9016-4EFE-9C41-74EAE3D24F36}.Debug|Any CPU.Build.0 = Debug|Any CPU
		{DB046CB1-9016-4EFE-9C41-74EAE3D24F36}.Release|Any CPU.ActiveCfg = Release|Any CPU
		{DB046CB1-9016-4EFE-9C41-74EAE3D24F36}.Release|Any CPU.Build.0 = Release|Any CPU
		{13156F0F-EE15-4AF7-BD03-EDE7DF60544D}.Debug|Any CPU.ActiveCfg = Debug|Any CPU
		{13156F0F-EE15-4AF7-BD03-EDE7DF60544D}.Debug|Any CPU.Build.0 = Debug|Any CPU
		{13156F0F-EE15-4AF7-BD03-EDE7DF60544D}.Release|Any CPU.ActiveCfg = Release|Any CPU
		{13156F0F-EE15-4AF7-BD03-EDE7DF60544D}.Release|Any CPU.Build.0 = Release|Any CPU
		{7938B917-E434-4FF1-BF09-C11B4D56AEA8}.Debug|Any CPU.ActiveCfg = Debug|Any CPU
		{7938B917-E434-4FF1-BF09-C11B4D56AEA8}.Debug|Any CPU.Build.0 = Debug|Any CPU
		{7938B917-E434-4FF1-BF09-C11B4D56AEA8}.Release|Any CPU.ActiveCfg = Release|Any CPU
		{7938B917-E434-4FF1-BF09-C11B4D56AEA8}.Release|Any CPU.Build.0 = Release|Any CPU
		{7247EA27-C1CF-4943-8327-64B4554EBC91}.Debug|Any CPU.ActiveCfg = Debug|Any CPU
		{7247EA27-C1CF-4943-8327-64B4554EBC91}.Debug|Any CPU.Build.0 = Debug|Any CPU
		{7247EA27-C1CF-4943-8327-64B4554EBC91}.Release|Any CPU.ActiveCfg = Release|Any CPU
		{7247EA27-C1CF-4943-8327-64B4554EBC91}.Release|Any CPU.Build.0 = Release|Any CPU
		{EF4FC504-E840-4917-83E8-8CFF51FA36D5}.Debug|Any CPU.ActiveCfg = Debug|Any CPU
		{EF4FC504-E840-4917-83E8-8CFF51FA36D5}.Debug|Any CPU.Build.0 = Debug|Any CPU
		{EF4FC504-E840-4917-83E8-8CFF51FA36D5}.Release|Any CPU.ActiveCfg = Release|Any CPU
		{EF4FC504-E840-4917-83E8-8CFF51FA36D5}.Release|Any CPU.Build.0 = Release|Any CPU
		{8687A91A-04F9-480B-9E88-D78100C8AC8E}.Debug|Any CPU.ActiveCfg = Debug|Any CPU
		{8687A91A-04F9-480B-9E88-D78100C8AC8E}.Debug|Any CPU.Build.0 = Debug|Any CPU
		{8687A91A-04F9-480B-9E88-D78100C8AC8E}.Release|Any CPU.ActiveCfg = Release|Any CPU
		{8687A91A-04F9-480B-9E88-D78100C8AC8E}.Release|Any CPU.Build.0 = Release|Any CPU
		{8B2EDB0F-9C39-4A12-9434-4AE969E06203}.Debug|Any CPU.ActiveCfg = Debug|Any CPU
		{8B2EDB0F-9C39-4A12-9434-4AE969E06203}.Debug|Any CPU.Build.0 = Debug|Any CPU
		{8B2EDB0F-9C39-4A12-9434-4AE969E06203}.Release|Any CPU.ActiveCfg = Release|Any CPU
		{8B2EDB0F-9C39-4A12-9434-4AE969E06203}.Release|Any CPU.Build.0 = Release|Any CPU
		{CC470DCD-3910-4E81-AD8A-A35F7987A8BD}.Debug|Any CPU.ActiveCfg = Debug|Any CPU
		{CC470DCD-3910-4E81-AD8A-A35F7987A8BD}.Debug|Any CPU.Build.0 = Debug|Any CPU
		{CC470DCD-3910-4E81-AD8A-A35F7987A8BD}.Release|Any CPU.ActiveCfg = Release|Any CPU
		{CC470DCD-3910-4E81-AD8A-A35F7987A8BD}.Release|Any CPU.Build.0 = Release|Any CPU
	EndGlobalSection
	GlobalSection(SolutionProperties) = preSolution
		HideSolutionNode = FALSE
	EndGlobalSection
	GlobalSection(NestedProjects) = preSolution
		{485E39D9-EEC6-4D8C-822E-3970BEF79954} = {3B3033F0-4173-4A75-AAC4-4E80B81655AC}
		{3D2ED6A2-0502-4212-8514-F5882FBF7C24} = {3B3033F0-4173-4A75-AAC4-4E80B81655AC}
		{58D23EDE-1610-4CF3-AB15-5965D1E13523} = {3B3033F0-4173-4A75-AAC4-4E80B81655AC}
		{72AF618E-A9C4-4AD2-8F58-F3804278DEAD} = {3B3033F0-4173-4A75-AAC4-4E80B81655AC}
		{89174B13-06DB-44A1-845D-C191CCB1ADE3} = {485E39D9-EEC6-4D8C-822E-3970BEF79954}
		{DB046CB1-9016-4EFE-9C41-74EAE3D24F36} = {3D2ED6A2-0502-4212-8514-F5882FBF7C24}
		{13156F0F-EE15-4AF7-BD03-EDE7DF60544D} = {3D2ED6A2-0502-4212-8514-F5882FBF7C24}
		{7938B917-E434-4FF1-BF09-C11B4D56AEA8} = {58D23EDE-1610-4CF3-AB15-5965D1E13523}
		{7247EA27-C1CF-4943-8327-64B4554EBC91} = {58D23EDE-1610-4CF3-AB15-5965D1E13523}
		{EF4FC504-E840-4917-83E8-8CFF51FA36D5} = {72AF618E-A9C4-4AD2-8F58-F3804278DEAD}
		{8687A91A-04F9-480B-9E88-D78100C8AC8E} = {1363DA86-BB88-4E4D-BB00-92DC5E976C59}
		{8B2EDB0F-9C39-4A12-9434-4AE969E06203} = {1363DA86-BB88-4E4D-BB00-92DC5E976C59}
		{CC470DCD-3910-4E81-AD8A-A35F7987A8BD} = {48E3C6FB-BA5A-49ED-9FBA-AA58D3FB8847}
	EndGlobalSection
	GlobalSection(ExtensibilityGlobals) = postSolution
		SolutionGuid = {68C554CD-5DBC-4752-998F-E36AAC65E882}
	EndGlobalSection
EndGlobal
